
Microsoft Visual Studio Solution File, Format Version 12.00
# Visual Studio 2013
VisualStudioVersion = 12.0.31101.0
MinimumVisualStudioVersion = 10.0.40219.1
Project("{FAE04EC0-301F-11D3-BF4B-00C04F79EFBC}") = "BeehiveManagement", "BeehiveManagement\BeehiveManagement.csproj", "{52F4B8D8-E17E-460C-B467-527D09C2E79B}"
EndProject
Global
	GlobalSection(SolutionConfigurationPlatforms) = preSolution
		Debug|Any CPU = Debug|Any CPU
		Release|Any CPU = Release|Any CPU
	EndGlobalSection
	GlobalSection(ProjectConfigurationPlatforms) = postSolution
		{52F4B8D8-E17E-460C-B467-527D09C2E79B}.Debug|Any CPU.ActiveCfg = Debug|Any CPU
		{52F4B8D8-E17E-460C-B467-527D09C2E79B}.Debug|Any CPU.Build.0 = Debug|Any CPU
		{52F4B8D8-E17E-460C-B467-527D09C2E79B}.Release|Any CPU.ActiveCfg = Release|Any CPU
		{52F4B8D8-E17E-460C-B467-527D09C2E79B}.Release|Any CPU.Build.0 = Release|Any CPU
	EndGlobalSection
	GlobalSection(SolutionProperties) = preSolution
		HideSolutionNode = FALSE
	EndGlobalSection
EndGlobal
